
Microsoft Visual Studio Solution File, Format Version 12.00
# Visual Studio 15
VisualStudioVersion = 15.0.26730.3
MinimumVisualStudioVersion = 10.0.40219.1
Project("{E24C65DC-7377-472B-9ABA-BC803B73C61A}") = "webroot", "http://localhost:50573", "{DF41AD6E-E2E1-4623-9246-661C76486ACD}"
	ProjectSection(WebsiteProperties) = preProject
		UseIISExpress = "true"
		TargetFrameworkMoniker = ".NETFramework,Version%3Dv4.0"
		Debug.AspNetCompiler.VirtualPath = "/localhost_50573"
		Debug.AspNetCompiler.PhysicalPath = "webroot\"
		Debug.AspNetCompiler.TargetPath = "PrecompiledWeb\localhost_50573\"
		Debug.AspNetCompiler.Updateable = "true"
		Debug.AspNetCompiler.ForceOverwrite = "true"
		Debug.AspNetCompiler.FixedNames = "false"
		Debug.AspNetCompiler.Debug = "True"
		Release.AspNetCompiler.VirtualPath = "/localhost_50573"
		Release.AspNetCompiler.PhysicalPath = "webroot\"
		Release.AspNetCompiler.TargetPath = "PrecompiledWeb\localhost_50573\"
		Release.AspNetCompiler.Updateable = "true"
		Release.AspNetCompiler.ForceOverwrite = "true"
		Release.AspNetCompiler.FixedNames = "false"
		Release.AspNetCompiler.Debug = "False"
		SlnRelativePath = "webroot\"
	EndProjectSection
EndProject
Project("{FAE04EC0-301F-11D3-BF4B-00C04F79EFBC}") = "site", "site\site.csproj", "{26B1BC23-491A-4493-9E67-74D9D391A968}"
EndProject
Global
	GlobalSection(SolutionConfigurationPlatforms) = preSolution
		Debug|Any CPU = Debug|Any CPU
		Release|Any CPU = Release|Any CPU
	EndGlobalSection
	GlobalSection(ProjectConfigurationPlatforms) = postSolution
		{DF41AD6E-E2E1-4623-9246-661C76486ACD}.Debug|Any CPU.ActiveCfg = Debug|Any CPU
		{DF41AD6E-E2E1-4623-9246-661C76486ACD}.Debug|Any CPU.Build.0 = Debug|Any CPU
		{DF41AD6E-E2E1-4623-9246-661C76486ACD}.Release|Any CPU.ActiveCfg = Debug|Any CPU
		{DF41AD6E-E2E1-4623-9246-661C76486ACD}.Release|Any CPU.Build.0 = Debug|Any CPU
		{26B1BC23-491A-4493-9E67-74D9D391A968}.Debug|Any CPU.ActiveCfg = Debug|Any CPU
		{26B1BC23-491A-4493-9E67-74D9D391A968}.Debug|Any CPU.Build.0 = Debug|Any CPU
		{26B1BC23-491A-4493-9E67-74D9D391A968}.Release|Any CPU.ActiveCfg = Release|Any CPU
		{26B1BC23-491A-4493-9E67-74D9D391A968}.Release|Any CPU.Build.0 = Release|Any CPU
	EndGlobalSection
	GlobalSection(SolutionProperties) = preSolution
		HideSolutionNode = FALSE
	EndGlobalSection
	GlobalSection(ExtensibilityGlobals) = postSolution
		SolutionGuid = {AD1AFF58-1336-4D67-8738-68321B0B5C5A}
	EndGlobalSection
EndGlobal
